
Microsoft Visual Studio Solution File, Format Version 12.00
# Visual Studio Version 17
VisualStudioVersion = 17.7.34221.43
MinimumVisualStudioVersion = 10.0.40219.1
Project("{FAE04EC0-301F-11D3-BF4B-00C04F79EFBC}") = "Testtt", "Testtt\Testtt.csproj", "{B9525954-B8A9-422B-9A95-B42F0BC327F1}"
EndProject
Global
	GlobalSection(SolutionConfigurationPlatforms) = preSolution
		Debug|Any CPU = Debug|Any CPU
		Release|Any CPU = Release|Any CPU
	EndGlobalSection
	GlobalSection(ProjectConfigurationPlatforms) = postSolution
		{B9525954-B8A9-422B-9A95-B42F0BC327F1}.Debug|Any CPU.ActiveCfg = Debug|Any CPU
		{B9525954-B8A9-422B-9A95-B42F0BC327F1}.Debug|Any CPU.Build.0 = Debug|Any CPU
		{B9525954-B8A9-422B-9A95-B42F0BC327F1}.Release|Any CPU.ActiveCfg = Release|Any CPU
		{B9525954-B8A9-422B-9A95-B42F0BC327F1}.Release|Any CPU.Build.0 = Release|Any CPU
	EndGlobalSection
	GlobalSection(SolutionProperties) = preSolution
		HideSolutionNode = FALSE
	EndGlobalSection
	GlobalSection(ExtensibilityGlobals) = postSolution
		SolutionGuid = {FA40F5FE-2192-4776-85AF-2A5361CE11F1}
	EndGlobalSection
EndGlobal
